
Microsoft Visual Studio Solution File, Format Version 12.00
# Visual Studio Version 16
VisualStudioVersion = 16.0.810.20
MinimumVisualStudioVersion = 10.0.40219.1
Project("{FAE04EC0-301F-11D3-BF4B-00C04F79EFBC}") = "Exercicio9_Construtores", "Exercicio9_Construtores\Exercicio9_Construtores.csproj", "{5160E1C4-0292-46B7-9D13-79D857342CC6}"
EndProject
Global
	GlobalSection(SolutionConfigurationPlatforms) = preSolution
		Debug|Any CPU = Debug|Any CPU
		Release|Any CPU = Release|Any CPU
	EndGlobalSection
	GlobalSection(ProjectConfigurationPlatforms) = postSolution
		{5160E1C4-0292-46B7-9D13-79D857342CC6}.Debug|Any CPU.ActiveCfg = Debug|Any CPU
		{5160E1C4-0292-46B7-9D13-79D857342CC6}.Debug|Any CPU.Build.0 = Debug|Any CPU
		{5160E1C4-0292-46B7-9D13-79D857342CC6}.Release|Any CPU.ActiveCfg = Release|Any CPU
		{5160E1C4-0292-46B7-9D13-79D857342CC6}.Release|Any CPU.Build.0 = Release|Any CPU
	EndGlobalSection
	GlobalSection(SolutionProperties) = preSolution
		HideSolutionNode = FALSE
	EndGlobalSection
	GlobalSection(ExtensibilityGlobals) = postSolution
		SolutionGuid = {2AC9D752-D543-4702-BB98-A53D14DC4627}
	EndGlobalSection
EndGlobal
