
Microsoft Visual Studio Solution File, Format Version 12.00
# Visual Studio Version 16
VisualStudioVersion = 16.0.810.19
MinimumVisualStudioVersion = 10.0.40219.1
Project("{FAE04EC0-301F-11D3-BF4B-00C04F79EFBC}") = "Exercicio6", "Exercicio6\Exercicio6.csproj", "{7771ABD6-7186-4F4D-B947-0EB644C7B3AD}"
EndProject
Global
	GlobalSection(SolutionConfigurationPlatforms) = preSolution
		Debug|Any CPU = Debug|Any CPU
		Release|Any CPU = Release|Any CPU
	EndGlobalSection
	GlobalSection(ProjectConfigurationPlatforms) = postSolution
		{7771ABD6-7186-4F4D-B947-0EB644C7B3AD}.Debug|Any CPU.ActiveCfg = Debug|Any CPU
		{7771ABD6-7186-4F4D-B947-0EB644C7B3AD}.Debug|Any CPU.Build.0 = Debug|Any CPU
		{7771ABD6-7186-4F4D-B947-0EB644C7B3AD}.Release|Any CPU.ActiveCfg = Release|Any CPU
		{7771ABD6-7186-4F4D-B947-0EB644C7B3AD}.Release|Any CPU.Build.0 = Release|Any CPU
	EndGlobalSection
	GlobalSection(SolutionProperties) = preSolution
		HideSolutionNode = FALSE
	EndGlobalSection
	GlobalSection(ExtensibilityGlobals) = postSolution
		SolutionGuid = {4FBB1583-4BBC-4A9B-A0B9-328FC308BD3A}
	EndGlobalSection
EndGlobal
