
Microsoft Visual Studio Solution File, Format Version 12.00
# Visual Studio Version 16
VisualStudioVersion = 16.0.810.18
MinimumVisualStudioVersion = 10.0.40219.1
Project("{FAE04EC0-301F-11D3-BF4B-00C04F79EFBC}") = "Exercicio3", "Exercicio3\Exercicio3.csproj", "{EFBB306A-4DD3-483D-8883-382FC681703F}"
EndProject
Global
	GlobalSection(SolutionConfigurationPlatforms) = preSolution
		Debug|Any CPU = Debug|Any CPU
		Release|Any CPU = Release|Any CPU
	EndGlobalSection
	GlobalSection(ProjectConfigurationPlatforms) = postSolution
		{EFBB306A-4DD3-483D-8883-382FC681703F}.Debug|Any CPU.ActiveCfg = Debug|Any CPU
		{EFBB306A-4DD3-483D-8883-382FC681703F}.Debug|Any CPU.Build.0 = Debug|Any CPU
		{EFBB306A-4DD3-483D-8883-382FC681703F}.Release|Any CPU.ActiveCfg = Release|Any CPU
		{EFBB306A-4DD3-483D-8883-382FC681703F}.Release|Any CPU.Build.0 = Release|Any CPU
	EndGlobalSection
	GlobalSection(SolutionProperties) = preSolution
		HideSolutionNode = FALSE
	EndGlobalSection
	GlobalSection(ExtensibilityGlobals) = postSolution
		SolutionGuid = {8D55E1FC-5099-4706-B04B-385AB200400B}
	EndGlobalSection
EndGlobal
