
Microsoft Visual Studio Solution File, Format Version 12.00
# Visual Studio Version 16
VisualStudioVersion = 16.0.810.22
MinimumVisualStudioVersion = 10.0.40219.1
Project("{FAE04EC0-301F-11D3-BF4B-00C04F79EFBC}") = "BuscaBinaria_ComRecursividade", "BuscaBinaria_ComRecursividade\BuscaBinaria_ComRecursividade.csproj", "{2067E29A-43B8-4EEE-AE12-A12CB4EB1196}"
EndProject
Global
	GlobalSection(SolutionConfigurationPlatforms) = preSolution
		Debug|Any CPU = Debug|Any CPU
		Release|Any CPU = Release|Any CPU
	EndGlobalSection
	GlobalSection(ProjectConfigurationPlatforms) = postSolution
		{2067E29A-43B8-4EEE-AE12-A12CB4EB1196}.Debug|Any CPU.ActiveCfg = Debug|Any CPU
		{2067E29A-43B8-4EEE-AE12-A12CB4EB1196}.Debug|Any CPU.Build.0 = Debug|Any CPU
		{2067E29A-43B8-4EEE-AE12-A12CB4EB1196}.Release|Any CPU.ActiveCfg = Release|Any CPU
		{2067E29A-43B8-4EEE-AE12-A12CB4EB1196}.Release|Any CPU.Build.0 = Release|Any CPU
	EndGlobalSection
	GlobalSection(SolutionProperties) = preSolution
		HideSolutionNode = FALSE
	EndGlobalSection
	GlobalSection(ExtensibilityGlobals) = postSolution
		SolutionGuid = {69DBF8BE-819E-447A-B652-6FF581E7EBE2}
	EndGlobalSection
EndGlobal
