
Microsoft Visual Studio Solution File, Format Version 12.00
# Visual Studio Version 17
VisualStudioVersion = 17.1.32407.343
MinimumVisualStudioVersion = 10.0.40219.1
Project("{FAE04EC0-301F-11D3-BF4B-00C04F79EFBC}") = "Ex20", "Ex20.csproj", "{CE793986-2F23-4647-A052-7566B9404204}"
EndProject
Global
	GlobalSection(SolutionConfigurationPlatforms) = preSolution
		Debug|Any CPU = Debug|Any CPU
		Release|Any CPU = Release|Any CPU
	EndGlobalSection
	GlobalSection(ProjectConfigurationPlatforms) = postSolution
		{CE793986-2F23-4647-A052-7566B9404204}.Debug|Any CPU.ActiveCfg = Debug|Any CPU
		{CE793986-2F23-4647-A052-7566B9404204}.Debug|Any CPU.Build.0 = Debug|Any CPU
		{CE793986-2F23-4647-A052-7566B9404204}.Release|Any CPU.ActiveCfg = Release|Any CPU
		{CE793986-2F23-4647-A052-7566B9404204}.Release|Any CPU.Build.0 = Release|Any CPU
	EndGlobalSection
	GlobalSection(SolutionProperties) = preSolution
		HideSolutionNode = FALSE
	EndGlobalSection
	GlobalSection(ExtensibilityGlobals) = postSolution
		SolutionGuid = {30B4C3EF-7C08-4AE3-BADC-2BFBBABD4F3F}
	EndGlobalSection
EndGlobal
