
Microsoft Visual Studio Solution File, Format Version 12.00
# Visual Studio Version 16
VisualStudioVersion = 16.0.810.19
MinimumVisualStudioVersion = 10.0.40219.1
Project("{FAE04EC0-301F-11D3-BF4B-00C04F79EFBC}") = "Exercicio4", "Exercicio4\Exercicio4.csproj", "{F180A81A-E312-4F43-9960-8C3AEACC87F1}"
EndProject
Global
	GlobalSection(SolutionConfigurationPlatforms) = preSolution
		Debug|Any CPU = Debug|Any CPU
		Release|Any CPU = Release|Any CPU
	EndGlobalSection
	GlobalSection(ProjectConfigurationPlatforms) = postSolution
		{F180A81A-E312-4F43-9960-8C3AEACC87F1}.Debug|Any CPU.ActiveCfg = Debug|Any CPU
		{F180A81A-E312-4F43-9960-8C3AEACC87F1}.Debug|Any CPU.Build.0 = Debug|Any CPU
		{F180A81A-E312-4F43-9960-8C3AEACC87F1}.Release|Any CPU.ActiveCfg = Release|Any CPU
		{F180A81A-E312-4F43-9960-8C3AEACC87F1}.Release|Any CPU.Build.0 = Release|Any CPU
	EndGlobalSection
	GlobalSection(SolutionProperties) = preSolution
		HideSolutionNode = FALSE
	EndGlobalSection
	GlobalSection(ExtensibilityGlobals) = postSolution
		SolutionGuid = {B059E79A-042A-498F-A0D6-599935DA238E}
	EndGlobalSection
EndGlobal
