
Microsoft Visual Studio Solution File, Format Version 12.00
# Visual Studio Version 16
VisualStudioVersion = 16.0.810.22
MinimumVisualStudioVersion = 10.0.40219.1
Project("{FAE04EC0-301F-11D3-BF4B-00C04F79EFBC}") = "DesafioDoMilhao", "DesafioDoMilhao\DesafioDoMilhao.csproj", "{2B33FE35-1D7B-4753-BED2-3361F97E680E}"
EndProject
Global
	GlobalSection(SolutionConfigurationPlatforms) = preSolution
		Debug|Any CPU = Debug|Any CPU
		Release|Any CPU = Release|Any CPU
	EndGlobalSection
	GlobalSection(ProjectConfigurationPlatforms) = postSolution
		{2B33FE35-1D7B-4753-BED2-3361F97E680E}.Debug|Any CPU.ActiveCfg = Debug|Any CPU
		{2B33FE35-1D7B-4753-BED2-3361F97E680E}.Debug|Any CPU.Build.0 = Debug|Any CPU
		{2B33FE35-1D7B-4753-BED2-3361F97E680E}.Release|Any CPU.ActiveCfg = Release|Any CPU
		{2B33FE35-1D7B-4753-BED2-3361F97E680E}.Release|Any CPU.Build.0 = Release|Any CPU
	EndGlobalSection
	GlobalSection(SolutionProperties) = preSolution
		HideSolutionNode = FALSE
	EndGlobalSection
	GlobalSection(ExtensibilityGlobals) = postSolution
		SolutionGuid = {4E3484AE-FB44-45E9-9BE1-6D22C3063539}
	EndGlobalSection
EndGlobal
